// !$*UTF8*$!
{
	archiveVersion = 1;
	classes = {
	};
	objectVersion = 56;
	objects = {

/* Begin PBXBuildFile section */
		67F4D6AF2ACD3E6F00FC029E /* AppDelegate.swift in Sources */ = {isa = PBXBuildFile; fileRef = 67F4D6AE2ACD3E6F00FC029E /* AppDelegate.swift */; };
		67F4D6B12ACD3E6F00FC029E /* SceneDelegate.swift in Sources */ = {isa = PBXBuildFile; fileRef = 67F4D6B02ACD3E6F00FC029E /* SceneDelegate.swift */; };
		67F4D6B32ACD3E6F00FC029E /* ViewController.swift in Sources */ = {isa = PBXBuildFile; fileRef = 67F4D6B22ACD3E6F00FC029E /* ViewController.swift */; };
		67F4D6B62ACD3E6F00FC029E /* Main.storyboard in Resources */ = {isa = PBXBuildFile; fileRef = 67F4D6B42ACD3E6F00FC029E /* Main.storyboard */; };
		67F4D6B82ACD3E7600FC029E /* Assets.xcassets in Resources */ = {isa = PBXBuildFile; fileRef = 67F4D6B72ACD3E7600FC029E /* Assets.xcassets */; };
		67F4D6BB2ACD3E7600FC029E /* LaunchScreen.storyboard in Resources */ = {isa = PBXBuildFile; fileRef = 67F4D6B92ACD3E7600FC029E /* LaunchScreen.storyboard */; };
		67F4D6C62ACD3E7700FC029E /* IMASdkDemoTests.swift in Sources */ = {isa = PBXBuildFile; fileRef = 67F4D6C52ACD3E7700FC029E /* IMASdkDemoTests.swift */; };
		67F4D6D02ACD3E7700FC029E /* IMASdkDemoUITests.swift in Sources */ = {isa = PBXBuildFile; fileRef = 67F4D6CF2ACD3E7700FC029E /* IMASdkDemoUITests.swift */; };
		67F4D6D22ACD3E7700FC029E /* IMASdkDemoUITestsLaunchTests.swift in Sources */ = {isa = PBXBuildFile; fileRef = 67F4D6D12ACD3E7700FC029E /* IMASdkDemoUITestsLaunchTests.swift */; };
		67F4D6E02ACD3F2200FC029E /* AVFoundation.framework in Frameworks */ = {isa = PBXBuildFile; fileRef = 67F4D6DF2ACD3F2200FC029E /* AVFoundation.framework */; };
/* End PBXBuildFile section */

/* Begin PBXContainerItemProxy section */
		67F4D6C22ACD3E7700FC029E /* PBXContainerItemProxy */ = {
			isa = PBXContainerItemProxy;
			containerPortal = 67F4D6A32ACD3E6F00FC029E /* Project object */;
			proxyType = 1;
			remoteGlobalIDString = 67F4D6AA2ACD3E6F00FC029E;
			remoteInfo = IMASdkDemo;
		};
		67F4D6CC2ACD3E7700FC029E /* PBXContainerItemProxy */ = {
			isa = PBXContainerItemProxy;
			containerPortal = 67F4D6A32ACD3E6F00FC029E /* Project object */;
			proxyType = 1;
			remoteGlobalIDString = 67F4D6AA2ACD3E6F00FC029E;
			remoteInfo = IMASdkDemo;
		};
/* End PBXContainerItemProxy section */

/* Begin PBXFileReference section */
		67F4D6AB2ACD3E6F00FC029E /* IMASdkDemo.app */ = {isa = PBXFileReference; explicitFileType = wrapper.application; includeInIndex = 0; path = IMASdkDemo.app; sourceTree = BUILT_PRODUCTS_DIR; };
		67F4D6AE2ACD3E6F00FC029E /* AppDelegate.swift */ = {isa = PBXFileReference; lastKnownFileType = sourcecode.swift; path = AppDelegate.swift; sourceTree = "<group>"; };
		67F4D6B02ACD3E6F00FC029E /* SceneDelegate.swift */ = {isa = PBXFileReference; lastKnownFileType = sourcecode.swift; path = SceneDelegate.swift; sourceTree = "<group>"; };
		67F4D6B22ACD3E6F00FC029E /* ViewController.swift */ = {isa = PBXFileReference; lastKnownFileType = sourcecode.swift; path = ViewController.swift; sourceTree = "<group>"; };
		67F4D6B52ACD3E6F00FC029E /* Base */ = {isa = PBXFileReference; lastKnownFileType = file.storyboard; name = Base; path = Base.lproj/Main.storyboard; sourceTree = "<group>"; };
		67F4D6B72ACD3E7600FC029E /* Assets.xcassets */ = {isa = PBXFileReference; lastKnownFileType = folder.assetcatalog; path = Assets.xcassets; sourceTree = "<group>"; };
		67F4D6BA2ACD3E7600FC029E /* Base */ = {isa = PBXFileReference; lastKnownFileType = file.storyboard; name = Base; path = Base.lproj/LaunchScreen.storyboard; sourceTree = "<group>"; };
		67F4D6BC2ACD3E7600FC029E /* Info.plist */ = {isa = PBXFileReference; lastKnownFileType = text.plist.xml; path = Info.plist; sourceTree = "<group>"; };
		67F4D6C12ACD3E7700FC029E /* IMASdkDemoTests.xctest */ = {isa = PBXFileReference; explicitFileType = wrapper.cfbundle; includeInIndex = 0; path = IMASdkDemoTests.xctest; sourceTree = BUILT_PRODUCTS_DIR; };
		67F4D6C52ACD3E7700FC029E /* IMASdkDemoTests.swift */ = {isa = PBXFileReference; lastKnownFileType = sourcecode.swift; path = IMASdkDemoTests.swift; sourceTree = "<group>"; };
		67F4D6CB2ACD3E7700FC029E /* IMASdkDemoUITests.xctest */ = {isa = PBXFileReference; explicitFileType = wrapper.cfbundle; includeInIndex = 0; path = IMASdkDemoUITests.xctest; sourceTree = BUILT_PRODUCTS_DIR; };
		67F4D6CF2ACD3E7700FC029E /* IMASdkDemoUITests.swift */ = {isa = PBXFileReference; lastKnownFileType = sourcecode.swift; path = IMASdkDemoUITests.swift; sourceTree = "<group>"; };
		67F4D6D12ACD3E7700FC029E /* IMASdkDemoUITestsLaunchTests.swift */ = {isa = PBXFileReference; lastKnownFileType = sourcecode.swift; path = IMASdkDemoUITestsLaunchTests.swift; sourceTree = "<group>"; };
		67F4D6DF2ACD3F2200FC029E /* AVFoundation.framework */ = {isa = PBXFileReference; lastKnownFileType = wrapper.framework; name = AVFoundation.framework; path = System/Library/Frameworks/AVFoundation.framework; sourceTree = SDKROOT; };
/* End PBXFileReference section */

/* Begin PBXFrameworksBuildPhase section */
		67F4D6A82ACD3E6F00FC029E /* Frameworks */ = {
			isa = PBXFrameworksBuildPhase;
			buildActionMask = 2147483647;
			files = (
				67F4D6E02ACD3F2200FC029E /* AVFoundation.framework in Frameworks */,
			);
			runOnlyForDeploymentPostprocessing = 0;
		};
		67F4D6BE2ACD3E7700FC029E /* Frameworks */ = {
			isa = PBXFrameworksBuildPhase;
			buildActionMask = 2147483647;
			files = (
			);
			runOnlyForDeploymentPostprocessing = 0;
		};
		67F4D6C82ACD3E7700FC029E /* Frameworks */ = {
			isa = PBXFrameworksBuildPhase;
			buildActionMask = 2147483647;
			files = (
			);
			runOnlyForDeploymentPostprocessing = 0;
		};
/* End PBXFrameworksBuildPhase section */

/* Begin PBXGroup section */
		67F4D6A22ACD3E6F00FC029E = {
			isa = PBXGroup;
			children = (
				67F4D6AD2ACD3E6F00FC029E /* IMASdkDemo */,
				67F4D6C42ACD3E7700FC029E /* IMASdkDemoTests */,
				67F4D6CE2ACD3E7700FC029E /* IMASdkDemoUITests */,
				67F4D6AC2ACD3E6F00FC029E /* Products */,
				67F4D6DE2ACD3F2200FC029E /* Frameworks */,
			);
			sourceTree = "<group>";
		};
		67F4D6AC2ACD3E6F00FC029E /* Products */ = {
			isa = PBXGroup;
			children = (
				67F4D6AB2ACD3E6F00FC029E /* IMASdkDemo.app */,
				67F4D6C12ACD3E7700FC029E /* IMASdkDemoTests.xctest */,
				67F4D6CB2ACD3E7700FC029E /* IMASdkDemoUITests.xctest */,
			);
			name = Products;
			sourceTree = "<group>";
		};
		67F4D6AD2ACD3E6F00FC029E /* IMASdkDemo */ = {
			isa = PBXGroup;
			children = (
				67F4D6AE2ACD3E6F00FC029E /* AppDelegate.swift */,
				67F4D6B02ACD3E6F00FC029E /* SceneDelegate.swift */,
				67F4D6B22ACD3E6F00FC029E /* ViewController.swift */,
				67F4D6B42ACD3E6F00FC029E /* Main.storyboard */,
				67F4D6B72ACD3E7600FC029E /* Assets.xcassets */,
				67F4D6B92ACD3E7600FC029E /* LaunchScreen.storyboard */,
				67F4D6BC2ACD3E7600FC029E /* Info.plist */,
			);
			path = IMASdkDemo;
			sourceTree = "<group>";
		};
		67F4D6C42ACD3E7700FC029E /* IMASdkDemoTests */ = {
			isa = PBXGroup;
			children = (
				67F4D6C52ACD3E7700FC029E /* IMASdkDemoTests.swift */,
			);
			path = IMASdkDemoTests;
			sourceTree = "<group>";
		};
		67F4D6CE2ACD3E7700FC029E /* IMASdkDemoUITests */ = {
			isa = PBXGroup;
			children = (
				67F4D6CF2ACD3E7700FC029E /* IMASdkDemoUITests.swift */,
				67F4D6D12ACD3E7700FC029E /* IMASdkDemoUITestsLaunchTests.swift */,
			);
			path = IMASdkDemoUITests;
			sourceTree = "<group>";
		};
		67F4D6DE2ACD3F2200FC029E /* Frameworks */ = {
			isa = PBXGroup;
			children = (
				67F4D6DF2ACD3F2200FC029E /* AVFoundation.framework */,
			);
			name = Frameworks;
			sourceTree = "<group>";
		};
/* End PBXGroup section */

/* Begin PBXNativeTarget section */
		67F4D6AA2ACD3E6F00FC029E /* IMASdkDemo */ = {
			isa = PBXNativeTarget;
			buildConfigurationList = 67F4D6D52ACD3E7700FC029E /* Build configuration list for PBXNativeTarget "IMASdkDemo" */;
			buildPhases = (
				67F4D6A72ACD3E6F00FC029E /* Sources */,
				67F4D6A82ACD3E6F00FC029E /* Frameworks */,
				67F4D6A92ACD3E6F00FC029E /* Resources */,
			);
			buildRules = (
			);
			dependencies = (
			);
			name = IMASdkDemo;
			productName = IMASdkDemo;
			productReference = 67F4D6AB2ACD3E6F00FC029E /* IMASdkDemo.app */;
			productType = "com.apple.product-type.application";
		};
		67F4D6C02ACD3E7700FC029E /* IMASdkDemoTests */ = {
			isa = PBXNativeTarget;
			buildConfigurationList = 67F4D6D82ACD3E7700FC029E /* Build configuration list for PBXNativeTarget "IMASdkDemoTests" */;
			buildPhases = (
				67F4D6BD2ACD3E7700FC029E /* Sources */,
				67F4D6BE2ACD3E7700FC029E /* Frameworks */,
				67F4D6BF2ACD3E7700FC029E /* Resources */,
			);
			buildRules = (
			);
			dependencies = (
				67F4D6C32ACD3E7700FC029E /* PBXTargetDependency */,
			);
			name = IMASdkDemoTests;
			productName = IMASdkDemoTests;
			productReference = 67F4D6C12ACD3E7700FC029E /* IMASdkDemoTests.xctest */;
			productType = "com.apple.product-type.bundle.unit-test";
		};
		67F4D6CA2ACD3E7700FC029E /* IMASdkDemoUITests */ = {
			isa = PBXNativeTarget;
			buildConfigurationList = 67F4D6DB2ACD3E7700FC029E /* Build configuration list for PBXNativeTarget "IMASdkDemoUITests" */;
			buildPhases = (
				67F4D6C72ACD3E7700FC029E /* Sources */,
				67F4D6C82ACD3E7700FC029E /* Frameworks */,
				67F4D6C92ACD3E7700FC029E /* Resources */,
			);
			buildRules = (
			);
			dependencies = (
				67F4D6CD2ACD3E7700FC029E /* PBXTargetDependency */,
			);
			name = IMASdkDemoUITests;
			productName = IMASdkDemoUITests;
			productReference = 67F4D6CB2ACD3E7700FC029E /* IMASdkDemoUITests.xctest */;
			productType = "com.apple.product-type.bundle.ui-testing";
		};
/* End PBXNativeTarget section */

/* Begin PBXProject section */
		67F4D6A32ACD3E6F00FC029E /* Project object */ = {
			isa = PBXProject;
			attributes = {
				BuildIndependentTargetsInParallel = 1;
				LastSwiftUpdateCheck = 1410;
				LastUpgradeCheck = 1410;
				TargetAttributes = {
					67F4D6AA2ACD3E6F00FC029E = {
						CreatedOnToolsVersion = 14.1;
					};
					67F4D6C02ACD3E7700FC029E = {
						CreatedOnToolsVersion = 14.1;
						TestTargetID = 67F4D6AA2ACD3E6F00FC029E;
					};
					67F4D6CA2ACD3E7700FC029E = {
						CreatedOnToolsVersion = 14.1;
						TestTargetID = 67F4D6AA2ACD3E6F00FC029E;
					};
				};
			};
			buildConfigurationList = 67F4D6A62ACD3E6F00FC029E /* Build configuration list for PBXProject "IMASdkDemo" */;
			compatibilityVersion = "Xcode 14.0";
			developmentRegion = en;
			hasScannedForEncodings = 0;
			knownRegions = (
				en,
				Base,
			);
			mainGroup = 67F4D6A22ACD3E6F00FC029E;
			productRefGroup = 67F4D6AC2ACD3E6F00FC029E /* Products */;
			projectDirPath = "";
			projectRoot = "";
			targets = (
				67F4D6AA2ACD3E6F00FC029E /* IMASdkDemo */,
				67F4D6C02ACD3E7700FC029E /* IMASdkDemoTests */,
				67F4D6CA2ACD3E7700FC029E /* IMASdkDemoUITests */,
			);
		};
/* End PBXProject section */

/* Begin PBXResourcesBuildPhase section */
		67F4D6A92ACD3E6F00FC029E /* Resources */ = {
			isa = PBXResourcesBuildPhase;
			buildActionMask = 2147483647;
			files = (
				67F4D6BB2ACD3E7600FC029E /* LaunchScreen.storyboard in Resources */,
				67F4D6B82ACD3E7600FC029E /* Assets.xcassets in Resources */,
				67F4D6B62ACD3E6F00FC029E /* Main.storyboard in Resources */,
			);
			runOnlyForDeploymentPostprocessing = 0;
		};
		67F4D6BF2ACD3E7700FC029E /* Resources */ = {
			isa = PBXResourcesBuildPhase;
			buildActionMask = 2147483647;
			files = (
			);
			runOnlyForDeploymentPostprocessing = 0;
		};
		67F4D6C92ACD3E7700FC029E /* Resources */ = {
			isa = PBXResourcesBuildPhase;
			buildActionMask = 2147483647;
			files = (
			);
			runOnlyForDeploymentPostprocessing = 0;
		};
/* End PBXResourcesBuildPhase section */

/* Begin PBXSourcesBuildPhase section */
		67F4D6A72ACD3E6F00FC029E /* Sources */ = {
			isa = PBXSourcesBuildPhase;
			buildActionMask = 2147483647;
			files = (
				67F4D6B32ACD3E6F00FC029E /* ViewController.swift in Sources */,
				67F4D6AF2ACD3E6F00FC029E /* AppDelegate.swift in Sources */,
				67F4D6B12ACD3E6F00FC029E /* SceneDelegate.swift in Sources */,
			);
			runOnlyForDeploymentPostprocessing = 0;
		};
		67F4D6BD2ACD3E7700FC029E /* Sources */ = {
			isa = PBXSourcesBuildPhase;
			buildActionMask = 2147483647;
			files = (
				67F4D6C62ACD3E7700FC029E /* IMASdkDemoTests.swift in Sources */,
			);
			runOnlyForDeploymentPostprocessing = 0;
		};
		67F4D6C72ACD3E7700FC029E /* Sources */ = {
			isa = PBXSourcesBuildPhase;
			buildActionMask = 2147483647;
			files = (
				67F4D6D22ACD3E7700FC029E /* IMASdkDemoUITestsLaunchTests.swift in Sources */,
				67F4D6D02ACD3E7700FC029E /* IMASdkDemoUITests.swift in Sources */,
			);
			runOnlyForDeploymentPostprocessing = 0;
		};
/* End PBXSourcesBuildPhase section */

/* Begin PBXTargetDependency section */
		67F4D6C32ACD3E7700FC029E /* PBXTargetDependency */ = {
			isa = PBXTargetDependency;
			target = 67F4D6AA2ACD3E6F00FC029E /* IMASdkDemo */;
			targetProxy = 67F4D6C22ACD3E7700FC029E /* PBXContainerItemProxy */;
		};
		67F4D6CD2ACD3E7700FC029E /* PBXTargetDependency */ = {
			isa = PBXTargetDependency;
			target = 67F4D6AA2ACD3E6F00FC029E /* IMASdkDemo */;
			targetProxy = 67F4D6CC2ACD3E7700FC029E /* PBXContainerItemProxy */;
		};
/* End PBXTargetDependency section */

/* Begin PBXVariantGroup section */
		67F4D6B42ACD3E6F00FC029E /* Main.storyboard */ = {
			isa = PBXVariantGroup;
			children = (
				67F4D6B52ACD3E6F00FC029E /* Base */,
			);
			name = Main.storyboard;
			sourceTree = "<group>";
		};
		67F4D6B92ACD3E7600FC029E /* LaunchScreen.storyboard */ = {
			isa = PBXVariantGroup;
			children = (
				67F4D6BA2ACD3E7600FC029E /* Base */,
			);
			name = LaunchScreen.storyboard;
			sourceTree = "<group>";
		};
/* End PBXVariantGroup section */

/* Begin XCBuildConfiguration section */
		67F4D6D32ACD3E7700FC029E /* Debug */ = {
			isa = XCBuildConfiguration;
			buildSettings = {
				ALWAYS_SEARCH_USER_PATHS = NO;
				CLANG_ANALYZER_NONNULL = YES;
				CLANG_ANALYZER_NUMBER_OBJECT_CONVERSION = YES_AGGRESSIVE;
				CLANG_CXX_LANGUAGE_STANDARD = "gnu++20";
				CLANG_ENABLE_MODULES = YES;
				CLANG_ENABLE_OBJC_ARC = YES;
				CLANG_ENABLE_OBJC_WEAK = YES;
				CLANG_WARN_BLOCK_CAPTURE_AUTORELEASING = YES;
				CLANG_WARN_BOOL_CONVERSION = YES;
				CLANG_WARN_COMMA = YES;
				CLANG_WARN_CONSTANT_CONVERSION = YES;
				CLANG_WARN_DEPRECATED_OBJC_IMPLEMENTATIONS = YES;
				CLANG_WARN_DIRECT_OBJC_ISA_USAGE = YES_ERROR;
				CLANG_WARN_DOCUMENTATION_COMMENTS = YES;
				CLANG_WARN_EMPTY_BODY = YES;
				CLANG_WARN_ENUM_CONVERSION = YES;
				CLANG_WARN_INFINITE_RECURSION = YES;
				CLANG_WARN_INT_CONVERSION = YES;
				CLANG_WARN_NON_LITERAL_NULL_CONVERSION = YES;
				CLANG_WARN_OBJC_IMPLICIT_RETAIN_SELF = YES;
				CLANG_WARN_OBJC_LITERAL_CONVERSION = YES;
				CLANG_WARN_OBJC_ROOT_CLASS = YES_ERROR;
				CLANG_WARN_QUOTED_INCLUDE_IN_FRAMEWORK_HEADER = YES;
				CLANG_WARN_RANGE_LOOP_ANALYSIS = YES;
				CLANG_WARN_STRICT_PROTOTYPES = YES;
				CLANG_WARN_SUSPICIOUS_MOVE = YES;
				CLANG_WARN_UNGUARDED_AVAILABILITY = YES_AGGRESSIVE;
				CLANG_WARN_UNREACHABLE_CODE = YES;
				CLANG_WARN__DUPLICATE_METHOD_MATCH = YES;
				COPY_PHASE_STRIP = NO;
				DEBUG_INFORMATION_FORMAT = dwarf;
				ENABLE_STRICT_OBJC_MSGSEND = YES;
				ENABLE_TESTABILITY = YES;
				GCC_C_LANGUAGE_STANDARD = gnu11;
				GCC_DYNAMIC_NO_PIC = NO;
				GCC_NO_COMMON_BLOCKS = YES;
				GCC_OPTIMIZATION_LEVEL = 0;
				GCC_PREPROCESSOR_DEFINITIONS = (
					"DEBUG=1",
					"$(inherited)",
				);
				GCC_WARN_64_TO_32_BIT_CONVERSION = YES;
				GCC_WARN_ABOUT_RETURN_TYPE = YES_ERROR;
				GCC_WARN_UNDECLARED_SELECTOR = YES;
				GCC_WARN_UNINITIALIZED_AUTOS = YES_AGGRESSIVE;
				GCC_WARN_UNUSED_FUNCTION = YES;
				GCC_WARN_UNUSED_VARIABLE = YES;
				IPHONEOS_DEPLOYMENT_TARGET = 16.1;
				MTL_ENABLE_DEBUG_INFO = INCLUDE_SOURCE;
				MTL_FAST_MATH = YES;
				ONLY_ACTIVE_ARCH = YES;
				SDKROOT = iphoneos;
				SWIFT_ACTIVE_COMPILATION_CONDITIONS = DEBUG;
				SWIFT_OPTIMIZATION_LEVEL = "-Onone";
			};
			name = Debug;
		};
		67F4D6D42ACD3E7700FC029E /* Release */ = {
			isa = XCBuildConfiguration;
			buildSettings = {
				ALWAYS_SEARCH_USER_PATHS = NO;
				CLANG_ANALYZER_NONNULL = YES;
				CLANG_ANALYZER_NUMBER_OBJECT_CONVERSION = YES_AGGRESSIVE;
				CLANG_CXX_LANGUAGE_STANDARD = "gnu++20";
				CLANG_ENABLE_MODULES = YES;
				CLANG_ENABLE_OBJC_ARC = YES;
				CLANG_ENABLE_OBJC_WEAK = YES;
				CLANG_WARN_BLOCK_CAPTURE_AUTORELEASING = YES;
				CLANG_WARN_BOOL_CONVERSION = YES;
				CLANG_WARN_COMMA = YES;
				CLANG_WARN_CONSTANT_CONVERSION = YES;
				CLANG_WARN_DEPRECATED_OBJC_IMPLEMENTATIONS = YES;
				CLANG_WARN_DIRECT_OBJC_ISA_USAGE = YES_ERROR;
				CLANG_WARN_DOCUMENTATION_COMMENTS = YES;
				CLANG_WARN_EMPTY_BODY = YES;
				CLANG_WARN_ENUM_CONVERSION = YES;
				CLANG_WARN_INFINITE_RECURSION = YES;
				CLANG_WARN_INT_CONVERSION = YES;
				CLANG_WARN_NON_LITERAL_NULL_CONVERSION = YES;
				CLANG_WARN_OBJC_IMPLICIT_RETAIN_SELF = YES;
				CLANG_WARN_OBJC_LITERAL_CONVERSION = YES;
				CLANG_WARN_OBJC_ROOT_CLASS = YES_ERROR;
				CLANG_WARN_QUOTED_INCLUDE_IN_FRAMEWORK_HEADER = YES;
				CLANG_WARN_RANGE_LOOP_ANALYSIS = YES;
				CLANG_WARN_STRICT_PROTOTYPES = YES;
				CLANG_WARN_SUSPICIOUS_MOVE = YES;
				CLANG_WARN_UNGUARDED_AVAILABILITY = YES_AGGRESSIVE;
				CLANG_WARN_UNREACHABLE_CODE = YES;
				CLANG_WARN__DUPLICATE_METHOD_MATCH = YES;
				COPY_PHASE_STRIP = NO;
				DEBUG_INFORMATION_FORMAT = "dwarf-with-dsym";
				ENABLE_NS_ASSERTIONS = NO;
				ENABLE_STRICT_OBJC_MSGSEND = YES;
				GCC_C_LANGUAGE_STANDARD = gnu11;
				GCC_NO_COMMON_BLOCKS = YES;
				GCC_WARN_64_TO_32_BIT_CONVERSION = YES;
				GCC_WARN_ABOUT_RETURN_TYPE = YES_ERROR;
				GCC_WARN_UNDECLARED_SELECTOR = YES;
				GCC_WARN_UNINITIALIZED_AUTOS = YES_AGGRESSIVE;
				GCC_WARN_UNUSED_FUNCTION = YES;
				GCC_WARN_UNUSED_VARIABLE = YES;
				IPHONEOS_DEPLOYMENT_TARGET = 16.1;
				MTL_ENABLE_DEBUG_INFO = NO;
				MTL_FAST_MATH = YES;
				SDKROOT = iphoneos;
				SWIFT_COMPILATION_MODE = wholemodule;
				SWIFT_OPTIMIZATION_LEVEL = "-O";
				VALIDATE_PRODUCT = YES;
			};
			name = Release;
		};
		67F4D6D62ACD3E7700FC029E /* Debug */ = {
			isa = XCBuildConfiguration;
			buildSettings = {
				ASSETCATALOG_COMPILER_APPICON_NAME = AppIcon;
				ASSETCATALOG_COMPILER_GLOBAL_ACCENT_COLOR_NAME = AccentColor;
				CODE_SIGN_STYLE = Automatic;
				CURRENT_PROJECT_VERSION = 1;
				DEVELOPMENT_TEAM = 5957UHEQ5V;
				GENERATE_INFOPLIST_FILE = YES;
				INFOPLIST_FILE = IMASdkDemo/Info.plist;
				INFOPLIST_KEY_UIApplicationSupportsIndirectInputEvents = YES;
				INFOPLIST_KEY_UILaunchStoryboardName = LaunchScreen;
				INFOPLIST_KEY_UIMainStoryboardFile = Main;
				INFOPLIST_KEY_UISupportedInterfaceOrientations_iPad = "UIInterfaceOrientationPortrait UIInterfaceOrientationPortraitUpsideDown UIInterfaceOrientationLandscapeLeft UIInterfaceOrientationLandscapeRight";
				INFOPLIST_KEY_UISupportedInterfaceOrientations_iPhone = "UIInterfaceOrientationPortrait UIInterfaceOrientationLandscapeLeft UIInterfaceOrientationLandscapeRight";
				LD_RUNPATH_SEARCH_PATHS = (
					"$(inherited)",
					"@executable_path/Frameworks",
				);
				MARKETING_VERSION = 1.0;
				PRODUCT_BUNDLE_IDENTIFIER = jp.arimura.IMASdkDemo;
				PRODUCT_NAME = "$(TARGET_NAME)";
				SWIFT_EMIT_LOC_STRINGS = YES;
				SWIFT_VERSION = 5.0;
				TARGETED_DEVICE_FAMILY = "1,2";
			};
			name = Debug;
		};
		67F4D6D72ACD3E7700FC029E /* Release */ = {
			isa = XCBuildConfiguration;
			buildSettings = {
				ASSETCATALOG_COMPILER_APPICON_NAME = AppIcon;
				ASSETCATALOG_COMPILER_GLOBAL_ACCENT_COLOR_NAME = AccentColor;
				CODE_SIGN_STYLE = Automatic;
				CURRENT_PROJECT_VERSION = 1;
				DEVELOPMENT_TEAM = 5957UHEQ5V;
				GENERATE_INFOPLIST_FILE = YES;
				INFOPLIST_FILE = IMASdkDemo/Info.plist;
				INFOPLIST_KEY_UIApplicationSupportsIndirectInputEvents = YES;
				INFOPLIST_KEY_UILaunchStoryboardName = LaunchScreen;
				INFOPLIST_KEY_UIMainStoryboardFile = Main;
				INFOPLIST_KEY_UISupportedInterfaceOrientations_iPad = "UIInterfaceOrientationPortrait UIInterfaceOrientationPortraitUpsideDown UIInterfaceOrientationLandscapeLeft UIInterfaceOrientationLandscapeRight";
				INFOPLIST_KEY_UISupportedInterfaceOrientations_iPhone = "UIInterfaceOrientationPortrait UIInterfaceOrientationLandscapeLeft UIInterfaceOrientationLandscapeRight";
				LD_RUNPATH_SEARCH_PATHS = (
					"$(inherited)",
					"@executable_path/Frameworks",
				);
				MARKETING_VERSION = 1.0;
				PRODUCT_BUNDLE_IDENTIFIER = jp.arimura.IMASdkDemo;
				PRODUCT_NAME = "$(TARGET_NAME)";
				SWIFT_EMIT_LOC_STRINGS = YES;
				SWIFT_VERSION = 5.0;
				TARGETED_DEVICE_FAMILY = "1,2";
			};
			name = Release;
		};
		67F4D6D92ACD3E7700FC029E /* Debug */ = {
			isa = XCBuildConfiguration;
			buildSettings = {
				ALWAYS_EMBED_SWIFT_STANDARD_LIBRARIES = YES;
				BUNDLE_LOADER = "$(TEST_HOST)";
				CODE_SIGN_STYLE = Automatic;
				CURRENT_PROJECT_VERSION = 1;
				DEVELOPMENT_TEAM = 5957UHEQ5V;
				GENERATE_INFOPLIST_FILE = YES;
				IPHONEOS_DEPLOYMENT_TARGET = 16.1;
				MARKETING_VERSION = 1.0;
				PRODUCT_BUNDLE_IDENTIFIER = jp.arimura.IMASdkDemoTests;
				PRODUCT_NAME = "$(TARGET_NAME)";
				SWIFT_EMIT_LOC_STRINGS = NO;
				SWIFT_VERSION = 5.0;
				TARGETED_DEVICE_FAMILY = "1,2";
				TEST_HOST = "$(BUILT_PRODUCTS_DIR)/IMASdkDemo.app/$(BUNDLE_EXECUTABLE_FOLDER_PATH)/IMASdkDemo";
			};
			name = Debug;
		};
		67F4D6DA2ACD3E7700FC029E /* Release */ = {
			isa = XCBuildConfiguration;
			buildSettings = {
				ALWAYS_EMBED_SWIFT_STANDARD_LIBRARIES = YES;
				BUNDLE_LOADER = "$(TEST_HOST)";
				CODE_SIGN_STYLE = Automatic;
				CURRENT_PROJECT_VERSION = 1;
				DEVELOPMENT_TEAM = 5957UHEQ5V;
				GENERATE_INFOPLIST_FILE = YES;
				IPHONEOS_DEPLOYMENT_TARGET = 16.1;
				MARKETING_VERSION = 1.0;
				PRODUCT_BUNDLE_IDENTIFIER = jp.arimura.IMASdkDemoTests;
				PRODUCT_NAME = "$(TARGET_NAME)";
				SWIFT_EMIT_LOC_STRINGS = NO;
				SWIFT_VERSION = 5.0;
				TARGETED_DEVICE_FAMILY = "1,2";
				TEST_HOST = "$(BUILT_PRODUCTS_DIR)/IMASdkDemo.app/$(BUNDLE_EXECUTABLE_FOLDER_PATH)/IMASdkDemo";
			};
			name = Release;
		};
		67F4D6DC2ACD3E7700FC029E /* Debug */ = {
			isa = XCBuildConfiguration;
			buildSettings = {
				ALWAYS_EMBED_SWIFT_STANDARD_LIBRARIES = YES;
				CODE_SIGN_STYLE = Automatic;
				CURRENT_PROJECT_VERSION = 1;
				DEVELOPMENT_TEAM = 5957UHEQ5V;
				GENERATE_INFOPLIST_FILE = YES;
				MARKETING_VERSION = 1.0;
				PRODUCT_BUNDLE_IDENTIFIER = jp.arimura.IMASdkDemoUITests;
				PRODUCT_NAME = "$(TARGET_NAME)";
				SWIFT_EMIT_LOC_STRINGS = NO;
				SWIFT_VERSION = 5.0;
				TARGETED_DEVICE_FAMILY = "1,2";
				TEST_TARGET_NAME = IMASdkDemo;
			};
			name = Debug;
		};
		67F4D6DD2ACD3E7700FC029E /* Release */ = {
			isa = XCBuildConfiguration;
			buildSettings = {
				ALWAYS_EMBED_SWIFT_STANDARD_LIBRARIES = YES;
				CODE_SIGN_STYLE = Automatic;
				CURRENT_PROJECT_VERSION = 1;
				DEVELOPMENT_TEAM = 5957UHEQ5V;
				GENERATE_INFOPLIST_FILE = YES;
				MARKETING_VERSION = 1.0;
				PRODUCT_BUNDLE_IDENTIFIER = jp.arimura.IMASdkDemoUITests;
				PRODUCT_NAME = "$(TARGET_NAME)";
				SWIFT_EMIT_LOC_STRINGS = NO;
				SWIFT_VERSION = 5.0;
				TARGETED_DEVICE_FAMILY = "1,2";
				TEST_TARGET_NAME = IMASdkDemo;
			};
			name = Release;
		};
/* End XCBuildConfiguration section */

/* Begin XCConfigurationList section */
		67F4D6A62ACD3E6F00FC029E /* Build configuration list for PBXProject "IMASdkDemo" */ = {
			isa = XCConfigurationList;
			buildConfigurations = (
				67F4D6D32ACD3E7700FC029E /* Debug */,
				67F4D6D42ACD3E7700FC029E /* Release */,
			);
			defaultConfigurationIsVisible = 0;
			defaultConfigurationName = Release;
		};
		67F4D6D52ACD3E7700FC029E /* Build configuration list for PBXNativeTarget "IMASdkDemo" */ = {
			isa = XCConfigurationList;
			buildConfigurations = (
				67F4D6D62ACD3E7700FC029E /* Debug */,
				67F4D6D72ACD3E7700FC029E /* Release */,
			);
			defaultConfigurationIsVisible = 0;
			defaultConfigurationName = Release;
		};
		67F4D6D82ACD3E7700FC029E /* Build configuration list for PBXNativeTarget "IMASdkDemoTests" */ = {
			isa = XCConfigurationList;
			buildConfigurations = (
				67F4D6D92ACD3E7700FC029E /* Debug */,
				67F4D6DA2ACD3E7700FC029E /* Release */,
			);
			defaultConfigurationIsVisible = 0;
			defaultConfigurationName = Release;
		};
		67F4D6DB2ACD3E7700FC029E /* Build configuration list for PBXNativeTarget "IMASdkDemoUITests" */ = {
			isa = XCConfigurationList;
			buildConfigurations = (
				67F4D6DC2ACD3E7700FC029E /* Debug */,
				67F4D6DD2ACD3E7700FC029E /* Release */,
			);
			defaultConfigurationIsVisible = 0;
			defaultConfigurationName = Release;
		};
/* End XCConfigurationList section */
	};
	rootObject = 67F4D6A32ACD3E6F00FC029E /* Project object */;
}
